
Microsoft Visual Studio Solution File, Format Version 12.00
# Visual Studio Version 17
VisualStudioVersion = 17.7.34221.43
MinimumVisualStudioVersion = 10.0.40219.1
Project("{FAE04EC0-301F-11D3-BF4B-00C04F79EFBC}") = "ImageProcessing", "ImageProcessing\ImageProcessing.csproj", "{3CF6DCE8-8908-41FC-8464-AB5D04393C0D}"
EndProject
Global
	GlobalSection(SolutionConfigurationPlatforms) = preSolution
		Debug|Any CPU = Debug|Any CPU
		Debug|x64 = Debug|x64
		Debug|x86 = Debug|x86
		Release|Any CPU = Release|Any CPU
		Release|x64 = Release|x64
		Release|x86 = Release|x86
	EndGlobalSection
	GlobalSection(ProjectConfigurationPlatforms) = postSolution
		{3CF6DCE8-8908-41FC-8464-AB5D04393C0D}.Debug|Any CPU.ActiveCfg = Debug|x64
		{3CF6DCE8-8908-41FC-8464-AB5D04393C0D}.Debug|Any CPU.Build.0 = Debug|x64
		{3CF6DCE8-8908-41FC-8464-AB5D04393C0D}.Debug|x64.ActiveCfg = Debug|x64
		{3CF6DCE8-8908-41FC-8464-AB5D04393C0D}.Debug|x64.Build.0 = Debug|x64
		{3CF6DCE8-8908-41FC-8464-AB5D04393C0D}.Debug|x86.ActiveCfg = Debug|Any CPU
		{3CF6DCE8-8908-41FC-8464-AB5D04393C0D}.Debug|x86.Build.0 = Debug|Any CPU
		{3CF6DCE8-8908-41FC-8464-AB5D04393C0D}.Release|Any CPU.ActiveCfg = Release|Any CPU
		{3CF6DCE8-8908-41FC-8464-AB5D04393C0D}.Release|Any CPU.Build.0 = Release|Any CPU
		{3CF6DCE8-8908-41FC-8464-AB5D04393C0D}.Release|x64.ActiveCfg = Release|Any CPU
		{3CF6DCE8-8908-41FC-8464-AB5D04393C0D}.Release|x64.Build.0 = Release|Any CPU
		{3CF6DCE8-8908-41FC-8464-AB5D04393C0D}.Release|x86.ActiveCfg = Release|Any CPU
		{3CF6DCE8-8908-41FC-8464-AB5D04393C0D}.Release|x86.Build.0 = Release|Any CPU
	EndGlobalSection
	GlobalSection(SolutionProperties) = preSolution
		HideSolutionNode = FALSE
	EndGlobalSection
	GlobalSection(ExtensibilityGlobals) = postSolution
		SolutionGuid = {965FD38E-B2DB-4DC7-A485-CDE92E468053}
	EndGlobalSection
EndGlobal
